
Microsoft Visual Studio Solution File, Format Version 12.00
# Visual Studio 2013
VisualStudioVersion = 12.0.31101.0
MinimumVisualStudioVersion = 10.0.40219.1
Project("{FAE04EC0-301F-11D3-BF4B-00C04F79EFBC}") = "NumberGuessingGame.Domain", "NumberGuessingGame.Domain.csproj", "{D33B02AC-93D3-47C2-BFBD-F3969A5596E0}"
EndProject
Project("{FAE04EC0-301F-11D3-BF4B-00C04F79EFBC}") = "NumberGuessingGame.Server", "NumberGuessingGame.Server\NumberGuessingGame.Server.csproj", "{4BAA3B13-3D8F-4971-963A-7B480719E563}"
EndProject
Project("{FAE04EC0-301F-11D3-BF4B-00C04F79EFBC}") = "NumberGuessingGame.Client", "NumberGuessingGame.Client\NumberGuessingGame.Client.csproj", "{535BEF9F-6CEB-4945-859F-3797243F315B}"
EndProject
Global
	GlobalSection(SolutionConfigurationPlatforms) = preSolution
		Debug|Any CPU = Debug|Any CPU
		Release|Any CPU = Release|Any CPU
	EndGlobalSection
	GlobalSection(ProjectConfigurationPlatforms) = postSolution
		{D33B02AC-93D3-47C2-BFBD-F3969A5596E0}.Debug|Any CPU.ActiveCfg = Debug|Any CPU
		{D33B02AC-93D3-47C2-BFBD-F3969A5596E0}.Debug|Any CPU.Build.0 = Debug|Any CPU
		{D33B02AC-93D3-47C2-BFBD-F3969A5596E0}.Release|Any CPU.ActiveCfg = Release|Any CPU
		{D33B02AC-93D3-47C2-BFBD-F3969A5596E0}.Release|Any CPU.Build.0 = Release|Any CPU
		{4BAA3B13-3D8F-4971-963A-7B480719E563}.Debug|Any CPU.ActiveCfg = Debug|Any CPU
		{4BAA3B13-3D8F-4971-963A-7B480719E563}.Debug|Any CPU.Build.0 = Debug|Any CPU
		{4BAA3B13-3D8F-4971-963A-7B480719E563}.Release|Any CPU.ActiveCfg = Release|Any CPU
		{4BAA3B13-3D8F-4971-963A-7B480719E563}.Release|Any CPU.Build.0 = Release|Any CPU
		{535BEF9F-6CEB-4945-859F-3797243F315B}.Debug|Any CPU.ActiveCfg = Debug|Any CPU
		{535BEF9F-6CEB-4945-859F-3797243F315B}.Debug|Any CPU.Build.0 = Debug|Any CPU
		{535BEF9F-6CEB-4945-859F-3797243F315B}.Release|Any CPU.ActiveCfg = Release|Any CPU
		{535BEF9F-6CEB-4945-859F-3797243F315B}.Release|Any CPU.Build.0 = Release|Any CPU
	EndGlobalSection
	GlobalSection(SolutionProperties) = preSolution
		HideSolutionNode = FALSE
	EndGlobalSection
EndGlobal
